
Microsoft Visual Studio Solution File, Format Version 12.00
# Visual Studio Version 17
VisualStudioVersion = 17.9.34728.123
MinimumVisualStudioVersion = 10.0.40219.1
Project("{FAE04EC0-301F-11D3-BF4B-00C04F79EFBC}") = "vehicles", "vehicles\vehicles.csproj", "{3CBA2A47-6BFD-462C-B6FC-7CF07AB9B79E}"
EndProject
Global
	GlobalSection(SolutionConfigurationPlatforms) = preSolution
		Debug|Any CPU = Debug|Any CPU
		Release|Any CPU = Release|Any CPU
	EndGlobalSection
	GlobalSection(ProjectConfigurationPlatforms) = postSolution
		{3CBA2A47-6BFD-462C-B6FC-7CF07AB9B79E}.Debug|Any CPU.ActiveCfg = Debug|Any CPU
		{3CBA2A47-6BFD-462C-B6FC-7CF07AB9B79E}.Debug|Any CPU.Build.0 = Debug|Any CPU
		{3CBA2A47-6BFD-462C-B6FC-7CF07AB9B79E}.Release|Any CPU.ActiveCfg = Release|Any CPU
		{3CBA2A47-6BFD-462C-B6FC-7CF07AB9B79E}.Release|Any CPU.Build.0 = Release|Any CPU
	EndGlobalSection
	GlobalSection(SolutionProperties) = preSolution
		HideSolutionNode = FALSE
	EndGlobalSection
	GlobalSection(ExtensibilityGlobals) = postSolution
		SolutionGuid = {09913731-4942-412C-ADC1-4C55B268FF9A}
	EndGlobalSection
EndGlobal
