
Microsoft Visual Studio Solution File, Format Version 12.00
# Visual Studio Version 17
VisualStudioVersion = 17.7.34221.43
MinimumVisualStudioVersion = 10.0.40219.1
Project("{FAE04EC0-301F-11D3-BF4B-00C04F79EFBC}") = "Reg", "Reg.csproj", "{210B03E1-108B-4754-9C63-887F2995C819}"
EndProject
Global
	GlobalSection(SolutionConfigurationPlatforms) = preSolution
		Debug|Any CPU = Debug|Any CPU
		Release|Any CPU = Release|Any CPU
	EndGlobalSection
	GlobalSection(ProjectConfigurationPlatforms) = postSolution
		{210B03E1-108B-4754-9C63-887F2995C819}.Debug|Any CPU.ActiveCfg = Debug|Any CPU
		{210B03E1-108B-4754-9C63-887F2995C819}.Debug|Any CPU.Build.0 = Debug|Any CPU
		{210B03E1-108B-4754-9C63-887F2995C819}.Release|Any CPU.ActiveCfg = Release|Any CPU
		{210B03E1-108B-4754-9C63-887F2995C819}.Release|Any CPU.Build.0 = Release|Any CPU
	EndGlobalSection
	GlobalSection(SolutionProperties) = preSolution
		HideSolutionNode = FALSE
	EndGlobalSection
	GlobalSection(ExtensibilityGlobals) = postSolution
		SolutionGuid = {501AFEC1-F762-4981-850B-2F9BA82389E3}
	EndGlobalSection
EndGlobal
