
Microsoft Visual Studio Solution File, Format Version 12.00
# Visual Studio Version 17
VisualStudioVersion = 17.9.34728.123
MinimumVisualStudioVersion = 10.0.40219.1
Project("{FAE04EC0-301F-11D3-BF4B-00C04F79EFBC}") = "Coldun", "Coldun\Coldun.csproj", "{0CC0B5A3-D349-48A8-A967-0DE2ECDB1D85}"
EndProject
Global
	GlobalSection(SolutionConfigurationPlatforms) = preSolution
		Debug|Any CPU = Debug|Any CPU
		Release|Any CPU = Release|Any CPU
	EndGlobalSection
	GlobalSection(ProjectConfigurationPlatforms) = postSolution
		{0CC0B5A3-D349-48A8-A967-0DE2ECDB1D85}.Debug|Any CPU.ActiveCfg = Debug|Any CPU
		{0CC0B5A3-D349-48A8-A967-0DE2ECDB1D85}.Debug|Any CPU.Build.0 = Debug|Any CPU
		{0CC0B5A3-D349-48A8-A967-0DE2ECDB1D85}.Release|Any CPU.ActiveCfg = Release|Any CPU
		{0CC0B5A3-D349-48A8-A967-0DE2ECDB1D85}.Release|Any CPU.Build.0 = Release|Any CPU
	EndGlobalSection
	GlobalSection(SolutionProperties) = preSolution
		HideSolutionNode = FALSE
	EndGlobalSection
	GlobalSection(ExtensibilityGlobals) = postSolution
		SolutionGuid = {CC1DEB39-A7DE-439F-BEE4-6B29B0D0BA47}
	EndGlobalSection
EndGlobal
