
Microsoft Visual Studio Solution File, Format Version 12.00
# Visual Studio Version 17
VisualStudioVersion = 17.7.34221.43
MinimumVisualStudioVersion = 10.0.40219.1
Project("{FAE04EC0-301F-11D3-BF4B-00C04F79EFBC}") = "WpfApp1", "WpfApp1.csproj", "{204DA831-02FB-4505-956F-7409E2A241FE}"
EndProject
Global
	GlobalSection(SolutionConfigurationPlatforms) = preSolution
		Debug|Any CPU = Debug|Any CPU
		Release|Any CPU = Release|Any CPU
	EndGlobalSection
	GlobalSection(ProjectConfigurationPlatforms) = postSolution
		{204DA831-02FB-4505-956F-7409E2A241FE}.Debug|Any CPU.ActiveCfg = Debug|Any CPU
		{204DA831-02FB-4505-956F-7409E2A241FE}.Debug|Any CPU.Build.0 = Debug|Any CPU
		{204DA831-02FB-4505-956F-7409E2A241FE}.Release|Any CPU.ActiveCfg = Release|Any CPU
		{204DA831-02FB-4505-956F-7409E2A241FE}.Release|Any CPU.Build.0 = Release|Any CPU
	EndGlobalSection
	GlobalSection(SolutionProperties) = preSolution
		HideSolutionNode = FALSE
	EndGlobalSection
	GlobalSection(ExtensibilityGlobals) = postSolution
		SolutionGuid = {C3D2616E-7A5A-4B0C-A9F3-FDEB0EB1B9EC}
	EndGlobalSection
EndGlobal
